{
  "version": 4,
  "terraform_version": "1.6.0",
  "serial": 11,
  "lineage": "a7acb40a-0d43-1cbe-5e38-ce9054db1814",
  "outputs": {},
  "resources": [
    {
      "mode": "managed",
      "type": "azurerm_resource_group",
      "name": "rg_name",
      "provider": "provider[\"registry.terraform.io/hashicorp/azurerm\"]",
      "instances": [
        {
          "schema_version": 0,
          "attributes": {
            "id": "/subscriptions/de649893-9e5f-4ac4-8149-02d1037a5513/resourceGroups/az400rg1",
            "location": "eastus",
            "managed_by": "",
            "name": "az400rg1",
            "tags": null,
            "timeouts": null
          },
          "sensitive_attributes": [],
          "private": "eyJlMmJmYjczMC1lY2FhLTExZTYtOGY4OC0zNDM2M2JjN2M0YzAiOnsiY3JlYXRlIjo1NDAwMDAwMDAwMDAwLCJkZWxldGUiOjU0MDAwMDAwMDAwMDAsInJlYWQiOjMwMDAwMDAwMDAwMCwidXBkYXRlIjo1NDAwMDAwMDAwMDAwfX0="
        }
      ]
    },
    {
      "mode": "managed",
      "type": "azurerm_resource_group",
      "name": "rg_name2",
      "provider": "provider[\"registry.terraform.io/hashicorp/azurerm\"].provider2-westus",
      "instances": [
        {
          "schema_version": 0,
          "attributes": {
            "id": "/subscriptions/de649893-9e5f-4ac4-8149-02d1037a5513/resourceGroups/az400rg_provider22",
            "location": "westus",
            "managed_by": "",
            "name": "az400rg_provider22",
            "tags": null,
            "timeouts": null
          },
          "sensitive_attributes": [],
          "private": "eyJlMmJmYjczMC1lY2FhLTExZTYtOGY4OC0zNDM2M2JjN2M0YzAiOnsiY3JlYXRlIjo1NDAwMDAwMDAwMDAwLCJkZWxldGUiOjU0MDAwMDAwMDAwMDAsInJlYWQiOjMwMDAwMDAwMDAwMCwidXBkYXRlIjo1NDAwMDAwMDAwMDAwfX0="
        }
      ]
    }
  ],
  "check_results": null
}
