{
  "version": 4,
  "terraform_version": "1.6.0",
  "serial": 65,
  "lineage": "aeaffc51-4fca-536f-9819-4f3022fac1d8",
  "outputs": {
    "virtaul_network": {
      "value": "walmart-dev-vnet-lb",
      "type": "string"
    },
    "websubnet": {
      "value": "web-subnet",
      "type": "string"
    }
  },
  "resources": [
    {
      "mode": "managed",
      "type": "azurerm_lb",
      "name": "web_lb",
      "provider": "provider[\"registry.terraform.io/hashicorp/azurerm\"]",
      "instances": [
        {
          "schema_version": 0,
          "attributes": {
            "edge_zone": "",
            "frontend_ip_configuration": [
              {
                "gateway_load_balancer_frontend_ip_configuration_id": "",
                "id": "/subscriptions/de649893-9e5f-4ac4-8149-02d1037a5513/resourceGroups/walmart-dev-resource-group-load-balncer/providers/Microsoft.Network/loadBalancers/walmart-dev-web-load-balancer/frontendIPConfigurations/frontendip",
                "inbound_nat_rules": [],
                "load_balancer_rules": [],
                "name": "frontendip",
                "outbound_rules": [],
                "private_ip_address": "",
                "private_ip_address_allocation": "Dynamic",
                "private_ip_address_version": "",
                "public_ip_address_id": "/subscriptions/de649893-9e5f-4ac4-8149-02d1037a5513/resourceGroups/walmart-dev-resource-group-load-balncer/providers/Microsoft.Network/publicIPAddresses/walmart-dev-lbpublicip",
                "public_ip_prefix_id": "",
                "subnet_id": "",
                "zones": null
              }
            ],
            "id": "/subscriptions/de649893-9e5f-4ac4-8149-02d1037a5513/resourceGroups/walmart-dev-resource-group-load-balncer/providers/Microsoft.Network/loadBalancers/walmart-dev-web-load-balancer",
            "location": "eastus",
            "name": "walmart-dev-web-load-balancer",
            "private_ip_address": "",
            "private_ip_addresses": [],
            "resource_group_name": "walmart-dev-resource-group-load-balncer",
            "sku": "Standard",
            "sku_tier": "Regional",
            "tags": null,
            "timeouts": null
          },
          "sensitive_attributes": [],
          "private": "eyJlMmJmYjczMC1lY2FhLTExZTYtOGY4OC0zNDM2M2JjN2M0YzAiOnsiY3JlYXRlIjoxODAwMDAwMDAwMDAwLCJkZWxldGUiOjE4MDAwMDAwMDAwMDAsInJlYWQiOjMwMDAwMDAwMDAwMCwidXBkYXRlIjoxODAwMDAwMDAwMDAwfX0=",
          "dependencies": [
            "azurerm_public_ip.web_lb_publicip",
            "azurerm_resource_group.rg_name"
          ]
        }
      ]
    },
    {
      "mode": "managed",
      "type": "azurerm_lb_backend_address_pool",
      "name": "web_lb_backendpool",
      "provider": "provider[\"registry.terraform.io/hashicorp/azurerm\"]",
      "instances": [
        {
          "schema_version": 0,
          "attributes": {
            "backend_ip_configurations": [],
            "id": "/subscriptions/de649893-9e5f-4ac4-8149-02d1037a5513/resourceGroups/walmart-dev-resource-group-load-balncer/providers/Microsoft.Network/loadBalancers/walmart-dev-web-load-balancer/backendAddressPools/web-lb-backendpool",
            "inbound_nat_rules": [],
            "load_balancing_rules": [],
            "loadbalancer_id": "/subscriptions/de649893-9e5f-4ac4-8149-02d1037a5513/resourceGroups/walmart-dev-resource-group-load-balncer/providers/Microsoft.Network/loadBalancers/walmart-dev-web-load-balancer",
            "name": "web-lb-backendpool",
            "outbound_rules": [],
            "timeouts": null,
            "tunnel_interface": [],
            "virtual_network_id": ""
          },
          "sensitive_attributes": [],
          "private": "eyJlMmJmYjczMC1lY2FhLTExZTYtOGY4OC0zNDM2M2JjN2M0YzAiOnsiY3JlYXRlIjoxODAwMDAwMDAwMDAwLCJkZWxldGUiOjE4MDAwMDAwMDAwMDAsInJlYWQiOjMwMDAwMDAwMDAwMCwidXBkYXRlIjoxODAwMDAwMDAwMDAwfX0=",
          "dependencies": [
            "azurerm_lb.web_lb",
            "azurerm_public_ip.web_lb_publicip",
            "azurerm_resource_group.rg_name"
          ]
        }
      ]
    },
    {
      "mode": "managed",
      "type": "azurerm_lb_nat_rule",
      "name": "nat_rule",
      "provider": "provider[\"registry.terraform.io/hashicorp/azurerm\"]",
      "instances": [
        {
          "index_key": 0,
          "schema_version": 0,
          "attributes": {
            "backend_address_pool_id": null,
            "backend_ip_configuration_id": "",
            "backend_port": 22,
            "enable_floating_ip": false,
            "enable_tcp_reset": false,
            "frontend_ip_configuration_id": "/subscriptions/de649893-9e5f-4ac4-8149-02d1037a5513/resourceGroups/walmart-dev-resource-group-load-balncer/providers/Microsoft.Network/loadBalancers/walmart-dev-web-load-balancer/frontendIPConfigurations/frontendip",
            "frontend_ip_configuration_name": "frontendip",
            "frontend_port": 1022,
            "frontend_port_end": null,
            "frontend_port_start": null,
            "id": "/subscriptions/de649893-9e5f-4ac4-8149-02d1037a5513/resourceGroups/walmart-dev-resource-group-load-balncer/providers/Microsoft.Network/loadBalancers/walmart-dev-web-load-balancer/inboundNatRules/vm-0-ssh-1022-vm-22",
            "idle_timeout_in_minutes": 4,
            "loadbalancer_id": "/subscriptions/de649893-9e5f-4ac4-8149-02d1037a5513/resourceGroups/walmart-dev-resource-group-load-balncer/providers/Microsoft.Network/loadBalancers/walmart-dev-web-load-balancer",
            "name": "vm-0-ssh-1022-vm-22",
            "protocol": "Tcp",
            "resource_group_name": "walmart-dev-resource-group-load-balncer",
            "timeouts": null
          },
          "sensitive_attributes": [],
          "private": "eyJlMmJmYjczMC1lY2FhLTExZTYtOGY4OC0zNDM2M2JjN2M0YzAiOnsiY3JlYXRlIjoxODAwMDAwMDAwMDAwLCJkZWxldGUiOjE4MDAwMDAwMDAwMDAsInJlYWQiOjMwMDAwMDAwMDAwMCwidXBkYXRlIjoxODAwMDAwMDAwMDAwfX0=",
          "dependencies": [
            "azurerm_lb.web_lb",
            "azurerm_linux_virtual_machine.linuxvm_vm",
            "azurerm_network_interface.web_linuxvn_ni",
            "azurerm_public_ip.web_lb_publicip",
            "azurerm_resource_group.rg_name",
            "azurerm_subnet.websubnet",
            "azurerm_virtual_network.vnet"
          ]
        },
        {
          "index_key": 1,
          "schema_version": 0,
          "attributes": {
            "backend_address_pool_id": null,
            "backend_ip_configuration_id": "",
            "backend_port": 22,
            "enable_floating_ip": false,
            "enable_tcp_reset": false,
            "frontend_ip_configuration_id": "/subscriptions/de649893-9e5f-4ac4-8149-02d1037a5513/resourceGroups/walmart-dev-resource-group-load-balncer/providers/Microsoft.Network/loadBalancers/walmart-dev-web-load-balancer/frontendIPConfigurations/frontendip",
            "frontend_ip_configuration_name": "frontendip",
            "frontend_port": 2022,
            "frontend_port_end": null,
            "frontend_port_start": null,
            "id": "/subscriptions/de649893-9e5f-4ac4-8149-02d1037a5513/resourceGroups/walmart-dev-resource-group-load-balncer/providers/Microsoft.Network/loadBalancers/walmart-dev-web-load-balancer/inboundNatRules/vm-1-ssh-2022-vm-22",
            "idle_timeout_in_minutes": 4,
            "loadbalancer_id": "/subscriptions/de649893-9e5f-4ac4-8149-02d1037a5513/resourceGroups/walmart-dev-resource-group-load-balncer/providers/Microsoft.Network/loadBalancers/walmart-dev-web-load-balancer",
            "name": "vm-1-ssh-2022-vm-22",
            "protocol": "Tcp",
            "resource_group_name": "walmart-dev-resource-group-load-balncer",
            "timeouts": null
          },
          "sensitive_attributes": [],
          "private": "eyJlMmJmYjczMC1lY2FhLTExZTYtOGY4OC0zNDM2M2JjN2M0YzAiOnsiY3JlYXRlIjoxODAwMDAwMDAwMDAwLCJkZWxldGUiOjE4MDAwMDAwMDAwMDAsInJlYWQiOjMwMDAwMDAwMDAwMCwidXBkYXRlIjoxODAwMDAwMDAwMDAwfX0=",
          "dependencies": [
            "azurerm_lb.web_lb",
            "azurerm_linux_virtual_machine.linuxvm_vm",
            "azurerm_network_interface.web_linuxvn_ni",
            "azurerm_public_ip.web_lb_publicip",
            "azurerm_resource_group.rg_name",
            "azurerm_subnet.websubnet",
            "azurerm_virtual_network.vnet"
          ]
        }
      ]
    },
    {
      "mode": "managed",
      "type": "azurerm_lb_probe",
      "name": "web_lb_probe",
      "provider": "provider[\"registry.terraform.io/hashicorp/azurerm\"]",
      "instances": [
        {
          "schema_version": 0,
          "attributes": {
            "id": "/subscriptions/de649893-9e5f-4ac4-8149-02d1037a5513/resourceGroups/walmart-dev-resource-group-load-balncer/providers/Microsoft.Network/loadBalancers/walmart-dev-web-load-balancer/probes/web-lb-probe",
            "interval_in_seconds": 15,
            "load_balancer_rules": [],
            "loadbalancer_id": "/subscriptions/de649893-9e5f-4ac4-8149-02d1037a5513/resourceGroups/walmart-dev-resource-group-load-balncer/providers/Microsoft.Network/loadBalancers/walmart-dev-web-load-balancer",
            "name": "web-lb-probe",
            "number_of_probes": 2,
            "port": 80,
            "probe_threshold": 1,
            "protocol": "Tcp",
            "request_path": "",
            "timeouts": null
          },
          "sensitive_attributes": [],
          "private": "eyJlMmJmYjczMC1lY2FhLTExZTYtOGY4OC0zNDM2M2JjN2M0YzAiOnsiY3JlYXRlIjoxODAwMDAwMDAwMDAwLCJkZWxldGUiOjE4MDAwMDAwMDAwMDAsInJlYWQiOjMwMDAwMDAwMDAwMCwidXBkYXRlIjoxODAwMDAwMDAwMDAwfX0=",
          "dependencies": [
            "azurerm_lb.web_lb",
            "azurerm_public_ip.web_lb_publicip",
            "azurerm_resource_group.rg_name"
          ]
        }
      ]
    },
    {
      "mode": "managed",
      "type": "azurerm_lb_rule",
      "name": "web_lb_rule",
      "provider": "provider[\"registry.terraform.io/hashicorp/azurerm\"]",
      "instances": [
        {
          "schema_version": 0,
          "attributes": {
            "backend_address_pool_ids": [
              "/subscriptions/de649893-9e5f-4ac4-8149-02d1037a5513/resourceGroups/walmart-dev-resource-group-load-balncer/providers/Microsoft.Network/loadBalancers/walmart-dev-web-load-balancer/backendAddressPools/web-lb-backendpool"
            ],
            "backend_port": 80,
            "disable_outbound_snat": false,
            "enable_floating_ip": false,
            "enable_tcp_reset": false,
            "frontend_ip_configuration_id": "/subscriptions/de649893-9e5f-4ac4-8149-02d1037a5513/resourceGroups/walmart-dev-resource-group-load-balncer/providers/Microsoft.Network/loadBalancers/walmart-dev-web-load-balancer/frontendIPConfigurations/frontendip",
            "frontend_ip_configuration_name": "frontendip",
            "frontend_port": 80,
            "id": "/subscriptions/de649893-9e5f-4ac4-8149-02d1037a5513/resourceGroups/walmart-dev-resource-group-load-balncer/providers/Microsoft.Network/loadBalancers/walmart-dev-web-load-balancer/loadBalancingRules/web-lb-rule",
            "idle_timeout_in_minutes": 4,
            "load_distribution": "Default",
            "loadbalancer_id": "/subscriptions/de649893-9e5f-4ac4-8149-02d1037a5513/resourceGroups/walmart-dev-resource-group-load-balncer/providers/Microsoft.Network/loadBalancers/walmart-dev-web-load-balancer",
            "name": "web-lb-rule",
            "probe_id": "/subscriptions/de649893-9e5f-4ac4-8149-02d1037a5513/resourceGroups/walmart-dev-resource-group-load-balncer/providers/Microsoft.Network/loadBalancers/walmart-dev-web-load-balancer/probes/web-lb-probe",
            "protocol": "Tcp",
            "timeouts": null
          },
          "sensitive_attributes": [],
          "private": "eyJlMmJmYjczMC1lY2FhLTExZTYtOGY4OC0zNDM2M2JjN2M0YzAiOnsiY3JlYXRlIjoxODAwMDAwMDAwMDAwLCJkZWxldGUiOjE4MDAwMDAwMDAwMDAsInJlYWQiOjMwMDAwMDAwMDAwMCwidXBkYXRlIjoxODAwMDAwMDAwMDAwfX0=",
          "dependencies": [
            "azurerm_lb.web_lb",
            "azurerm_lb_backend_address_pool.web_lb_backendpool",
            "azurerm_lb_probe.web_lb_probe",
            "azurerm_public_ip.web_lb_publicip",
            "azurerm_resource_group.rg_name"
          ]
        }
      ]
    },
    {
      "mode": "managed",
      "type": "azurerm_linux_virtual_machine",
      "name": "linuxvm_vm",
      "provider": "provider[\"registry.terraform.io/hashicorp/azurerm\"]",
      "instances": [
        {
          "index_key": 0,
          "schema_version": 0,
          "attributes": {
            "additional_capabilities": [],
            "admin_password": null,
            "admin_ssh_key": [
              {
                "public_key": "ssh-rsa AAAAB3NzaC1yc2EAAAADAQABAAACAQDRN9ckTryTyFR04KGyEA3BDFbtYr0WUquYR1IbaobjQ5jzGlxKUmZGTShgHsTMrgMEoGguwGidEyK+szdNX71ifYfb6s5dX5Qukp1qZWCF16ZK0wPlCdCoH2NH5dZtQM9DW9+OztJJSb5Wl6sJiyLpcp8Uh5vTeguHBB1x5hABtGcVf9Q6LjlXrg8C5wKPSQUbnDdm4suHP1q/EO3x1mgVG9Tv3e4JKPeBLromnWaVsVJQ5SCzT0Wgzf0rPV1pjRG5mmoVUbcD4iNs9xP6rHQXcL0LoWtv2859jq2cQDEW4qtWGN6VfRLzQaAOdB4R6X9KPK4PNwlDfkuy/nYuwbYc1pc7+NdqqtQpVA4j/ysehw33Y6SUNtomTP3P4FOAD90l9YTJvXmSNQlcauChX9OnrlVNt052rMhOMMZfJivjJKZ8eO5zRtDGNr0G9Z4IzPy8RZsuvutLLslFHxYK25p37CAzHFVLmoqcmK+YPzxC9Wbwezo4aShiKad2TrxTm7UcSt/U8LbcfbbF7kSQTj7Hpq/1d77WDY4t8ij768kSdkIKrDBjPWgxuKZMY0lY/4MgoDHvK8LLKOQgOhwOZ6pWm3KONNRWG5r/cSNpoPzofMVMv/qoJKO856kp4MblN/nWfWDyhu7PRmDUWX64TdTcPibFm3Dd+r3OCAr6pqvPdw== azureuser@myserver\n",
                "username": "azureuser"
              }
            ],
            "admin_username": "azureuser",
            "allow_extension_operations": true,
            "availability_set_id": "",
            "boot_diagnostics": [],
            "bypass_platform_safety_checks_on_user_schedule_enabled": false,
            "capacity_reservation_group_id": "",
            "computer_name": "suresh-linuxvm",
            "custom_data": "IyEvYmluL2Jhc2gKCnN1ZG8gYXB0LWdldCB1cGRhdGUgLXkKc3VkbyBhcHQgaW5zdGFsbCAteSBhcGFjaGUyCnN1ZG8gZWNobyAiPGgxPiB0aGlzIGlzIGNyZWF0ZWQgZnJvbSBjdXN0b20gc2NyaXB0IDwvaDE+IiA+IC92YXIvd3d3L2h0bWwvaW5kZXguaHRtbAoKCg==",
            "dedicated_host_group_id": "",
            "dedicated_host_id": "",
            "disable_password_authentication": true,
            "edge_zone": "",
            "encryption_at_host_enabled": false,
            "eviction_policy": "",
            "extensions_time_budget": "PT1H30M",
            "gallery_application": [],
            "id": "/subscriptions/de649893-9e5f-4ac4-8149-02d1037a5513/resourceGroups/walmart-dev-resource-group-load-balncer/providers/Microsoft.Compute/virtualMachines/walmart-dev-linuxvm-0",
            "identity": [],
            "license_type": "",
            "location": "eastus",
            "max_bid_price": -1,
            "name": "walmart-dev-linuxvm-0",
            "network_interface_ids": [
              "/subscriptions/de649893-9e5f-4ac4-8149-02d1037a5513/resourceGroups/walmart-dev-resource-group-load-balncer/providers/Microsoft.Network/networkInterfaces/web-linuxvm-nw-interface-0"
            ],
            "os_disk": [
              {
                "caching": "ReadWrite",
                "diff_disk_settings": [],
                "disk_encryption_set_id": "",
                "disk_size_gb": 30,
                "name": "walmart-dev-linuxvm-0_disk1_d240b72d6d84431f8bb8fd3cb1b39d70",
                "secure_vm_disk_encryption_set_id": "",
                "security_encryption_type": "",
                "storage_account_type": "Standard_LRS",
                "write_accelerator_enabled": false
              }
            ],
            "patch_assessment_mode": "ImageDefault",
            "patch_mode": "ImageDefault",
            "plan": [],
            "platform_fault_domain": -1,
            "priority": "Regular",
            "private_ip_address": "10.0.1.4",
            "private_ip_addresses": [
              "10.0.1.4"
            ],
            "provision_vm_agent": true,
            "proximity_placement_group_id": "",
            "public_ip_address": "",
            "public_ip_addresses": [],
            "reboot_setting": "",
            "resource_group_name": "walmart-dev-resource-group-load-balncer",
            "secret": [],
            "secure_boot_enabled": false,
            "size": "Standard_B2s",
            "source_image_id": "",
            "source_image_reference": [
              {
                "offer": "0001-com-ubuntu-server-jammy",
                "publisher": "Canonical",
                "sku": "22_04-lts-gen2",
                "version": "latest"
              }
            ],
            "tags": {
              "owner": "walmart",
              "team": "dev"
            },
            "termination_notification": null,
            "timeouts": null,
            "user_data": "",
            "virtual_machine_id": "ae28054a-3f18-4e89-be1c-6cd07a18fd83",
            "virtual_machine_scale_set_id": "",
            "vtpm_enabled": false,
            "zone": ""
          },
          "sensitive_attributes": [],
          "private": "eyJlMmJmYjczMC1lY2FhLTExZTYtOGY4OC0zNDM2M2JjN2M0YzAiOnsiY3JlYXRlIjoyNzAwMDAwMDAwMDAwLCJkZWxldGUiOjI3MDAwMDAwMDAwMDAsInJlYWQiOjMwMDAwMDAwMDAwMCwidXBkYXRlIjoyNzAwMDAwMDAwMDAwfX0=",
          "dependencies": [
            "azurerm_network_interface.web_linuxvn_ni",
            "azurerm_resource_group.rg_name",
            "azurerm_subnet.websubnet",
            "azurerm_virtual_network.vnet"
          ]
        },
        {
          "index_key": 1,
          "schema_version": 0,
          "attributes": {
            "additional_capabilities": [],
            "admin_password": null,
            "admin_ssh_key": [
              {
                "public_key": "ssh-rsa AAAAB3NzaC1yc2EAAAADAQABAAACAQDRN9ckTryTyFR04KGyEA3BDFbtYr0WUquYR1IbaobjQ5jzGlxKUmZGTShgHsTMrgMEoGguwGidEyK+szdNX71ifYfb6s5dX5Qukp1qZWCF16ZK0wPlCdCoH2NH5dZtQM9DW9+OztJJSb5Wl6sJiyLpcp8Uh5vTeguHBB1x5hABtGcVf9Q6LjlXrg8C5wKPSQUbnDdm4suHP1q/EO3x1mgVG9Tv3e4JKPeBLromnWaVsVJQ5SCzT0Wgzf0rPV1pjRG5mmoVUbcD4iNs9xP6rHQXcL0LoWtv2859jq2cQDEW4qtWGN6VfRLzQaAOdB4R6X9KPK4PNwlDfkuy/nYuwbYc1pc7+NdqqtQpVA4j/ysehw33Y6SUNtomTP3P4FOAD90l9YTJvXmSNQlcauChX9OnrlVNt052rMhOMMZfJivjJKZ8eO5zRtDGNr0G9Z4IzPy8RZsuvutLLslFHxYK25p37CAzHFVLmoqcmK+YPzxC9Wbwezo4aShiKad2TrxTm7UcSt/U8LbcfbbF7kSQTj7Hpq/1d77WDY4t8ij768kSdkIKrDBjPWgxuKZMY0lY/4MgoDHvK8LLKOQgOhwOZ6pWm3KONNRWG5r/cSNpoPzofMVMv/qoJKO856kp4MblN/nWfWDyhu7PRmDUWX64TdTcPibFm3Dd+r3OCAr6pqvPdw== azureuser@myserver\n",
                "username": "azureuser"
              }
            ],
            "admin_username": "azureuser",
            "allow_extension_operations": true,
            "availability_set_id": "",
            "boot_diagnostics": [],
            "bypass_platform_safety_checks_on_user_schedule_enabled": false,
            "capacity_reservation_group_id": "",
            "computer_name": "suresh-linuxvm",
            "custom_data": "IyEvYmluL2Jhc2gKCnN1ZG8gYXB0LWdldCB1cGRhdGUgLXkKc3VkbyBhcHQgaW5zdGFsbCAteSBhcGFjaGUyCnN1ZG8gZWNobyAiPGgxPiB0aGlzIGlzIGNyZWF0ZWQgZnJvbSBjdXN0b20gc2NyaXB0IDwvaDE+IiA+IC92YXIvd3d3L2h0bWwvaW5kZXguaHRtbAoKCg==",
            "dedicated_host_group_id": "",
            "dedicated_host_id": "",
            "disable_password_authentication": true,
            "edge_zone": "",
            "encryption_at_host_enabled": false,
            "eviction_policy": "",
            "extensions_time_budget": "PT1H30M",
            "gallery_application": [],
            "id": "/subscriptions/de649893-9e5f-4ac4-8149-02d1037a5513/resourceGroups/walmart-dev-resource-group-load-balncer/providers/Microsoft.Compute/virtualMachines/walmart-dev-linuxvm-1",
            "identity": [],
            "license_type": "",
            "location": "eastus",
            "max_bid_price": -1,
            "name": "walmart-dev-linuxvm-1",
            "network_interface_ids": [
              "/subscriptions/de649893-9e5f-4ac4-8149-02d1037a5513/resourceGroups/walmart-dev-resource-group-load-balncer/providers/Microsoft.Network/networkInterfaces/web-linuxvm-nw-interface-1"
            ],
            "os_disk": [
              {
                "caching": "ReadWrite",
                "diff_disk_settings": [],
                "disk_encryption_set_id": "",
                "disk_size_gb": 30,
                "name": "walmart-dev-linuxvm-1_disk1_3f2c1ee7a7f54a929539a70907e967af",
                "secure_vm_disk_encryption_set_id": "",
                "security_encryption_type": "",
                "storage_account_type": "Standard_LRS",
                "write_accelerator_enabled": false
              }
            ],
            "patch_assessment_mode": "ImageDefault",
            "patch_mode": "ImageDefault",
            "plan": [],
            "platform_fault_domain": -1,
            "priority": "Regular",
            "private_ip_address": "10.0.1.5",
            "private_ip_addresses": [
              "10.0.1.5"
            ],
            "provision_vm_agent": true,
            "proximity_placement_group_id": "",
            "public_ip_address": "",
            "public_ip_addresses": [],
            "reboot_setting": "",
            "resource_group_name": "walmart-dev-resource-group-load-balncer",
            "secret": [],
            "secure_boot_enabled": false,
            "size": "Standard_B2s",
            "source_image_id": "",
            "source_image_reference": [
              {
                "offer": "0001-com-ubuntu-server-jammy",
                "publisher": "Canonical",
                "sku": "22_04-lts-gen2",
                "version": "latest"
              }
            ],
            "tags": {
              "owner": "walmart",
              "team": "dev"
            },
            "termination_notification": null,
            "timeouts": null,
            "user_data": "",
            "virtual_machine_id": "b4be661c-c61d-451c-899f-ce920ff5c29f",
            "virtual_machine_scale_set_id": "",
            "vtpm_enabled": false,
            "zone": ""
          },
          "sensitive_attributes": [],
          "private": "eyJlMmJmYjczMC1lY2FhLTExZTYtOGY4OC0zNDM2M2JjN2M0YzAiOnsiY3JlYXRlIjoyNzAwMDAwMDAwMDAwLCJkZWxldGUiOjI3MDAwMDAwMDAwMDAsInJlYWQiOjMwMDAwMDAwMDAwMCwidXBkYXRlIjoyNzAwMDAwMDAwMDAwfX0=",
          "dependencies": [
            "azurerm_network_interface.web_linuxvn_ni",
            "azurerm_resource_group.rg_name",
            "azurerm_subnet.websubnet",
            "azurerm_virtual_network.vnet"
          ]
        }
      ]
    },
    {
      "mode": "managed",
      "type": "azurerm_network_interface",
      "name": "web_linuxvn_ni",
      "provider": "provider[\"registry.terraform.io/hashicorp/azurerm\"]",
      "instances": [
        {
          "index_key": 0,
          "schema_version": 0,
          "attributes": {
            "applied_dns_servers": [],
            "auxiliary_mode": "",
            "auxiliary_sku": "",
            "dns_servers": [],
            "edge_zone": "",
            "enable_accelerated_networking": false,
            "enable_ip_forwarding": false,
            "id": "/subscriptions/de649893-9e5f-4ac4-8149-02d1037a5513/resourceGroups/walmart-dev-resource-group-load-balncer/providers/Microsoft.Network/networkInterfaces/web-linuxvm-nw-interface-0",
            "internal_dns_name_label": "",
            "internal_domain_name_suffix": "jh5p2wwfl4vutpqbakcjguwgoa.bx.internal.cloudapp.net",
            "ip_configuration": [
              {
                "gateway_load_balancer_frontend_ip_configuration_id": "",
                "name": "web-linuxvm-ipconfig",
                "primary": true,
                "private_ip_address": "10.0.1.4",
                "private_ip_address_allocation": "Dynamic",
                "private_ip_address_version": "IPv4",
                "public_ip_address_id": "",
                "subnet_id": "/subscriptions/de649893-9e5f-4ac4-8149-02d1037a5513/resourceGroups/walmart-dev-resource-group-load-balncer/providers/Microsoft.Network/virtualNetworks/walmart-dev-vnet-lb/subnets/web-subnet"
              }
            ],
            "location": "eastus",
            "mac_address": "",
            "name": "web-linuxvm-nw-interface-0",
            "private_ip_address": "10.0.1.4",
            "private_ip_addresses": [
              "10.0.1.4"
            ],
            "resource_group_name": "walmart-dev-resource-group-load-balncer",
            "tags": null,
            "timeouts": null,
            "virtual_machine_id": ""
          },
          "sensitive_attributes": [],
          "private": "eyJlMmJmYjczMC1lY2FhLTExZTYtOGY4OC0zNDM2M2JjN2M0YzAiOnsiY3JlYXRlIjoxODAwMDAwMDAwMDAwLCJkZWxldGUiOjE4MDAwMDAwMDAwMDAsInJlYWQiOjMwMDAwMDAwMDAwMCwidXBkYXRlIjoxODAwMDAwMDAwMDAwfX0=",
          "dependencies": [
            "azurerm_resource_group.rg_name",
            "azurerm_subnet.websubnet",
            "azurerm_virtual_network.vnet"
          ]
        },
        {
          "index_key": 1,
          "schema_version": 0,
          "attributes": {
            "applied_dns_servers": [],
            "auxiliary_mode": "",
            "auxiliary_sku": "",
            "dns_servers": [],
            "edge_zone": "",
            "enable_accelerated_networking": false,
            "enable_ip_forwarding": false,
            "id": "/subscriptions/de649893-9e5f-4ac4-8149-02d1037a5513/resourceGroups/walmart-dev-resource-group-load-balncer/providers/Microsoft.Network/networkInterfaces/web-linuxvm-nw-interface-1",
            "internal_dns_name_label": "",
            "internal_domain_name_suffix": "jh5p2wwfl4vutpqbakcjguwgoa.bx.internal.cloudapp.net",
            "ip_configuration": [
              {
                "gateway_load_balancer_frontend_ip_configuration_id": "",
                "name": "web-linuxvm-ipconfig",
                "primary": true,
                "private_ip_address": "10.0.1.5",
                "private_ip_address_allocation": "Dynamic",
                "private_ip_address_version": "IPv4",
                "public_ip_address_id": "",
                "subnet_id": "/subscriptions/de649893-9e5f-4ac4-8149-02d1037a5513/resourceGroups/walmart-dev-resource-group-load-balncer/providers/Microsoft.Network/virtualNetworks/walmart-dev-vnet-lb/subnets/web-subnet"
              }
            ],
            "location": "eastus",
            "mac_address": "",
            "name": "web-linuxvm-nw-interface-1",
            "private_ip_address": "10.0.1.5",
            "private_ip_addresses": [
              "10.0.1.5"
            ],
            "resource_group_name": "walmart-dev-resource-group-load-balncer",
            "tags": null,
            "timeouts": null,
            "virtual_machine_id": ""
          },
          "sensitive_attributes": [],
          "private": "eyJlMmJmYjczMC1lY2FhLTExZTYtOGY4OC0zNDM2M2JjN2M0YzAiOnsiY3JlYXRlIjoxODAwMDAwMDAwMDAwLCJkZWxldGUiOjE4MDAwMDAwMDAwMDAsInJlYWQiOjMwMDAwMDAwMDAwMCwidXBkYXRlIjoxODAwMDAwMDAwMDAwfX0=",
          "dependencies": [
            "azurerm_resource_group.rg_name",
            "azurerm_subnet.websubnet",
            "azurerm_virtual_network.vnet"
          ]
        }
      ]
    },
    {
      "mode": "managed",
      "type": "azurerm_network_interface_backend_address_pool_association",
      "name": "web_lb_backendpool_asso",
      "provider": "provider[\"registry.terraform.io/hashicorp/azurerm\"]",
      "instances": [
        {
          "index_key": 0,
          "schema_version": 0,
          "attributes": {
            "backend_address_pool_id": "/subscriptions/de649893-9e5f-4ac4-8149-02d1037a5513/resourceGroups/walmart-dev-resource-group-load-balncer/providers/Microsoft.Network/loadBalancers/walmart-dev-web-load-balancer/backendAddressPools/web-lb-backendpool",
            "id": "/subscriptions/de649893-9e5f-4ac4-8149-02d1037a5513/resourceGroups/walmart-dev-resource-group-load-balncer/providers/Microsoft.Network/networkInterfaces/web-linuxvm-nw-interface-0/ipConfigurations/web-linuxvm-ipconfig|/subscriptions/de649893-9e5f-4ac4-8149-02d1037a5513/resourceGroups/walmart-dev-resource-group-load-balncer/providers/Microsoft.Network/loadBalancers/walmart-dev-web-load-balancer/backendAddressPools/web-lb-backendpool",
            "ip_configuration_name": "web-linuxvm-ipconfig",
            "network_interface_id": "/subscriptions/de649893-9e5f-4ac4-8149-02d1037a5513/resourceGroups/walmart-dev-resource-group-load-balncer/providers/Microsoft.Network/networkInterfaces/web-linuxvm-nw-interface-0",
            "timeouts": null
          },
          "sensitive_attributes": [],
          "private": "eyJlMmJmYjczMC1lY2FhLTExZTYtOGY4OC0zNDM2M2JjN2M0YzAiOnsiY3JlYXRlIjoxODAwMDAwMDAwMDAwLCJkZWxldGUiOjE4MDAwMDAwMDAwMDAsInJlYWQiOjMwMDAwMDAwMDAwMCwidXBkYXRlIjoxODAwMDAwMDAwMDAwfX0=",
          "dependencies": [
            "azurerm_lb.web_lb",
            "azurerm_lb_backend_address_pool.web_lb_backendpool",
            "azurerm_network_interface.web_linuxvn_ni",
            "azurerm_public_ip.web_lb_publicip",
            "azurerm_resource_group.rg_name",
            "azurerm_subnet.websubnet",
            "azurerm_virtual_network.vnet"
          ]
        },
        {
          "index_key": 1,
          "schema_version": 0,
          "attributes": {
            "backend_address_pool_id": "/subscriptions/de649893-9e5f-4ac4-8149-02d1037a5513/resourceGroups/walmart-dev-resource-group-load-balncer/providers/Microsoft.Network/loadBalancers/walmart-dev-web-load-balancer/backendAddressPools/web-lb-backendpool",
            "id": "/subscriptions/de649893-9e5f-4ac4-8149-02d1037a5513/resourceGroups/walmart-dev-resource-group-load-balncer/providers/Microsoft.Network/networkInterfaces/web-linuxvm-nw-interface-1/ipConfigurations/web-linuxvm-ipconfig|/subscriptions/de649893-9e5f-4ac4-8149-02d1037a5513/resourceGroups/walmart-dev-resource-group-load-balncer/providers/Microsoft.Network/loadBalancers/walmart-dev-web-load-balancer/backendAddressPools/web-lb-backendpool",
            "ip_configuration_name": "web-linuxvm-ipconfig",
            "network_interface_id": "/subscriptions/de649893-9e5f-4ac4-8149-02d1037a5513/resourceGroups/walmart-dev-resource-group-load-balncer/providers/Microsoft.Network/networkInterfaces/web-linuxvm-nw-interface-1",
            "timeouts": null
          },
          "sensitive_attributes": [],
          "private": "eyJlMmJmYjczMC1lY2FhLTExZTYtOGY4OC0zNDM2M2JjN2M0YzAiOnsiY3JlYXRlIjoxODAwMDAwMDAwMDAwLCJkZWxldGUiOjE4MDAwMDAwMDAwMDAsInJlYWQiOjMwMDAwMDAwMDAwMCwidXBkYXRlIjoxODAwMDAwMDAwMDAwfX0=",
          "dependencies": [
            "azurerm_lb.web_lb",
            "azurerm_lb_backend_address_pool.web_lb_backendpool",
            "azurerm_network_interface.web_linuxvn_ni",
            "azurerm_public_ip.web_lb_publicip",
            "azurerm_resource_group.rg_name",
            "azurerm_subnet.websubnet",
            "azurerm_virtual_network.vnet"
          ]
        }
      ]
    },
    {
      "mode": "managed",
      "type": "azurerm_network_interface_nat_rule_association",
      "name": "lb_nat_rule_associa",
      "provider": "provider[\"registry.terraform.io/hashicorp/azurerm\"]",
      "instances": [
        {
          "index_key": 0,
          "schema_version": 0,
          "attributes": {
            "id": "/subscriptions/de649893-9e5f-4ac4-8149-02d1037a5513/resourceGroups/walmart-dev-resource-group-load-balncer/providers/Microsoft.Network/networkInterfaces/web-linuxvm-nw-interface-0/ipConfigurations/web-linuxvm-ipconfig|/subscriptions/de649893-9e5f-4ac4-8149-02d1037a5513/resourceGroups/walmart-dev-resource-group-load-balncer/providers/Microsoft.Network/loadBalancers/walmart-dev-web-load-balancer/inboundNatRules/vm-0-ssh-1022-vm-22",
            "ip_configuration_name": "web-linuxvm-ipconfig",
            "nat_rule_id": "/subscriptions/de649893-9e5f-4ac4-8149-02d1037a5513/resourceGroups/walmart-dev-resource-group-load-balncer/providers/Microsoft.Network/loadBalancers/walmart-dev-web-load-balancer/inboundNatRules/vm-0-ssh-1022-vm-22",
            "network_interface_id": "/subscriptions/de649893-9e5f-4ac4-8149-02d1037a5513/resourceGroups/walmart-dev-resource-group-load-balncer/providers/Microsoft.Network/networkInterfaces/web-linuxvm-nw-interface-0",
            "timeouts": null
          },
          "sensitive_attributes": [],
          "private": "eyJlMmJmYjczMC1lY2FhLTExZTYtOGY4OC0zNDM2M2JjN2M0YzAiOnsiY3JlYXRlIjoxODAwMDAwMDAwMDAwLCJkZWxldGUiOjE4MDAwMDAwMDAwMDAsInJlYWQiOjMwMDAwMDAwMDAwMCwidXBkYXRlIjoxODAwMDAwMDAwMDAwfX0=",
          "dependencies": [
            "azurerm_lb.web_lb",
            "azurerm_lb_nat_rule.nat_rule",
            "azurerm_linux_virtual_machine.linuxvm_vm",
            "azurerm_network_interface.web_linuxvn_ni",
            "azurerm_public_ip.web_lb_publicip",
            "azurerm_resource_group.rg_name",
            "azurerm_subnet.websubnet",
            "azurerm_virtual_network.vnet"
          ]
        },
        {
          "index_key": 1,
          "schema_version": 0,
          "attributes": {
            "id": "/subscriptions/de649893-9e5f-4ac4-8149-02d1037a5513/resourceGroups/walmart-dev-resource-group-load-balncer/providers/Microsoft.Network/networkInterfaces/web-linuxvm-nw-interface-1/ipConfigurations/web-linuxvm-ipconfig|/subscriptions/de649893-9e5f-4ac4-8149-02d1037a5513/resourceGroups/walmart-dev-resource-group-load-balncer/providers/Microsoft.Network/loadBalancers/walmart-dev-web-load-balancer/inboundNatRules/vm-1-ssh-2022-vm-22",
            "ip_configuration_name": "web-linuxvm-ipconfig",
            "nat_rule_id": "/subscriptions/de649893-9e5f-4ac4-8149-02d1037a5513/resourceGroups/walmart-dev-resource-group-load-balncer/providers/Microsoft.Network/loadBalancers/walmart-dev-web-load-balancer/inboundNatRules/vm-1-ssh-2022-vm-22",
            "network_interface_id": "/subscriptions/de649893-9e5f-4ac4-8149-02d1037a5513/resourceGroups/walmart-dev-resource-group-load-balncer/providers/Microsoft.Network/networkInterfaces/web-linuxvm-nw-interface-1",
            "timeouts": null
          },
          "sensitive_attributes": [],
          "private": "eyJlMmJmYjczMC1lY2FhLTExZTYtOGY4OC0zNDM2M2JjN2M0YzAiOnsiY3JlYXRlIjoxODAwMDAwMDAwMDAwLCJkZWxldGUiOjE4MDAwMDAwMDAwMDAsInJlYWQiOjMwMDAwMDAwMDAwMCwidXBkYXRlIjoxODAwMDAwMDAwMDAwfX0=",
          "dependencies": [
            "azurerm_lb.web_lb",
            "azurerm_lb_nat_rule.nat_rule",
            "azurerm_linux_virtual_machine.linuxvm_vm",
            "azurerm_network_interface.web_linuxvn_ni",
            "azurerm_public_ip.web_lb_publicip",
            "azurerm_resource_group.rg_name",
            "azurerm_subnet.websubnet",
            "azurerm_virtual_network.vnet"
          ]
        }
      ]
    },
    {
      "mode": "managed",
      "type": "azurerm_network_security_group",
      "name": "web_nsg",
      "provider": "provider[\"registry.terraform.io/hashicorp/azurerm\"]",
      "instances": [
        {
          "schema_version": 0,
          "attributes": {
            "id": "/subscriptions/de649893-9e5f-4ac4-8149-02d1037a5513/resourceGroups/walmart-dev-resource-group-load-balncer/providers/Microsoft.Network/networkSecurityGroups/web-subnet-nsg",
            "location": "eastus",
            "name": "web-subnet-nsg",
            "resource_group_name": "walmart-dev-resource-group-load-balncer",
            "security_rule": [],
            "tags": null,
            "timeouts": null
          },
          "sensitive_attributes": [],
          "private": "eyJlMmJmYjczMC1lY2FhLTExZTYtOGY4OC0zNDM2M2JjN2M0YzAiOnsiY3JlYXRlIjoxODAwMDAwMDAwMDAwLCJkZWxldGUiOjE4MDAwMDAwMDAwMDAsInJlYWQiOjMwMDAwMDAwMDAwMCwidXBkYXRlIjoxODAwMDAwMDAwMDAwfX0=",
          "dependencies": [
            "azurerm_resource_group.rg_name",
            "azurerm_subnet.websubnet",
            "azurerm_virtual_network.vnet"
          ]
        }
      ]
    },
    {
      "mode": "managed",
      "type": "azurerm_network_security_rule",
      "name": "webnsgrule",
      "provider": "provider[\"registry.terraform.io/hashicorp/azurerm\"]",
      "instances": [
        {
          "index_key": "100",
          "schema_version": 0,
          "attributes": {
            "access": "Allow",
            "description": "",
            "destination_address_prefix": "*",
            "destination_address_prefixes": null,
            "destination_application_security_group_ids": null,
            "destination_port_range": "22",
            "destination_port_ranges": null,
            "direction": "Inbound",
            "id": "/subscriptions/de649893-9e5f-4ac4-8149-02d1037a5513/resourceGroups/walmart-dev-resource-group-load-balncer/providers/Microsoft.Network/networkSecurityGroups/web-subnet-nsg/securityRules/Rule-Port-22",
            "name": "Rule-Port-22",
            "network_security_group_name": "web-subnet-nsg",
            "priority": 100,
            "protocol": "Tcp",
            "resource_group_name": "walmart-dev-resource-group-load-balncer",
            "source_address_prefix": "*",
            "source_address_prefixes": null,
            "source_application_security_group_ids": null,
            "source_port_range": "*",
            "source_port_ranges": null,
            "timeouts": null
          },
          "sensitive_attributes": [],
          "private": "eyJlMmJmYjczMC1lY2FhLTExZTYtOGY4OC0zNDM2M2JjN2M0YzAiOnsiY3JlYXRlIjoxODAwMDAwMDAwMDAwLCJkZWxldGUiOjE4MDAwMDAwMDAwMDAsInJlYWQiOjMwMDAwMDAwMDAwMCwidXBkYXRlIjoxODAwMDAwMDAwMDAwfX0=",
          "dependencies": [
            "azurerm_network_security_group.web_nsg",
            "azurerm_resource_group.rg_name",
            "azurerm_subnet.websubnet",
            "azurerm_virtual_network.vnet"
          ]
        },
        {
          "index_key": "101",
          "schema_version": 0,
          "attributes": {
            "access": "Allow",
            "description": "",
            "destination_address_prefix": "*",
            "destination_address_prefixes": null,
            "destination_application_security_group_ids": null,
            "destination_port_range": "80",
            "destination_port_ranges": null,
            "direction": "Inbound",
            "id": "/subscriptions/de649893-9e5f-4ac4-8149-02d1037a5513/resourceGroups/walmart-dev-resource-group-load-balncer/providers/Microsoft.Network/networkSecurityGroups/web-subnet-nsg/securityRules/Rule-Port-80",
            "name": "Rule-Port-80",
            "network_security_group_name": "web-subnet-nsg",
            "priority": 101,
            "protocol": "Tcp",
            "resource_group_name": "walmart-dev-resource-group-load-balncer",
            "source_address_prefix": "*",
            "source_address_prefixes": null,
            "source_application_security_group_ids": null,
            "source_port_range": "*",
            "source_port_ranges": null,
            "timeouts": null
          },
          "sensitive_attributes": [],
          "private": "eyJlMmJmYjczMC1lY2FhLTExZTYtOGY4OC0zNDM2M2JjN2M0YzAiOnsiY3JlYXRlIjoxODAwMDAwMDAwMDAwLCJkZWxldGUiOjE4MDAwMDAwMDAwMDAsInJlYWQiOjMwMDAwMDAwMDAwMCwidXBkYXRlIjoxODAwMDAwMDAwMDAwfX0=",
          "dependencies": [
            "azurerm_network_security_group.web_nsg",
            "azurerm_resource_group.rg_name",
            "azurerm_subnet.websubnet",
            "azurerm_virtual_network.vnet"
          ]
        }
      ]
    },
    {
      "mode": "managed",
      "type": "azurerm_public_ip",
      "name": "web_lb_publicip",
      "provider": "provider[\"registry.terraform.io/hashicorp/azurerm\"]",
      "instances": [
        {
          "schema_version": 0,
          "attributes": {
            "allocation_method": "Static",
            "ddos_protection_mode": "VirtualNetworkInherited",
            "ddos_protection_plan_id": null,
            "domain_name_label": null,
            "edge_zone": "",
            "fqdn": null,
            "id": "/subscriptions/de649893-9e5f-4ac4-8149-02d1037a5513/resourceGroups/walmart-dev-resource-group-load-balncer/providers/Microsoft.Network/publicIPAddresses/walmart-dev-lbpublicip",
            "idle_timeout_in_minutes": 4,
            "ip_address": "137.117.70.78",
            "ip_tags": null,
            "ip_version": "IPv4",
            "location": "eastus",
            "name": "walmart-dev-lbpublicip",
            "public_ip_prefix_id": null,
            "resource_group_name": "walmart-dev-resource-group-load-balncer",
            "reverse_fqdn": null,
            "sku": "Standard",
            "sku_tier": "Regional",
            "tags": {
              "owner": "walmart",
              "team": "dev"
            },
            "timeouts": null,
            "zones": null
          },
          "sensitive_attributes": [],
          "private": "eyJlMmJmYjczMC1lY2FhLTExZTYtOGY4OC0zNDM2M2JjN2M0YzAiOnsiY3JlYXRlIjoxODAwMDAwMDAwMDAwLCJkZWxldGUiOjE4MDAwMDAwMDAwMDAsInJlYWQiOjMwMDAwMDAwMDAwMCwidXBkYXRlIjoxODAwMDAwMDAwMDAwfX0=",
          "dependencies": [
            "azurerm_resource_group.rg_name"
          ]
        }
      ]
    },
    {
      "mode": "managed",
      "type": "azurerm_resource_group",
      "name": "rg_name",
      "provider": "provider[\"registry.terraform.io/hashicorp/azurerm\"]",
      "instances": [
        {
          "schema_version": 0,
          "attributes": {
            "id": "/subscriptions/de649893-9e5f-4ac4-8149-02d1037a5513/resourceGroups/walmart-dev-resource-group-load-balncer",
            "location": "eastus",
            "managed_by": "",
            "name": "walmart-dev-resource-group-load-balncer",
            "tags": {
              "owner": "walmart",
              "team": "dev"
            },
            "timeouts": null
          },
          "sensitive_attributes": [],
          "private": "eyJlMmJmYjczMC1lY2FhLTExZTYtOGY4OC0zNDM2M2JjN2M0YzAiOnsiY3JlYXRlIjo1NDAwMDAwMDAwMDAwLCJkZWxldGUiOjU0MDAwMDAwMDAwMDAsInJlYWQiOjMwMDAwMDAwMDAwMCwidXBkYXRlIjo1NDAwMDAwMDAwMDAwfX0="
        }
      ]
    },
    {
      "mode": "managed",
      "type": "azurerm_subnet",
      "name": "websubnet",
      "provider": "provider[\"registry.terraform.io/hashicorp/azurerm\"]",
      "instances": [
        {
          "schema_version": 0,
          "attributes": {
            "address_prefixes": [
              "10.0.1.0/24"
            ],
            "delegation": [],
            "enforce_private_link_endpoint_network_policies": false,
            "enforce_private_link_service_network_policies": false,
            "id": "/subscriptions/de649893-9e5f-4ac4-8149-02d1037a5513/resourceGroups/walmart-dev-resource-group-load-balncer/providers/Microsoft.Network/virtualNetworks/walmart-dev-vnet-lb/subnets/web-subnet",
            "name": "web-subnet",
            "private_endpoint_network_policies_enabled": true,
            "private_link_service_network_policies_enabled": true,
            "resource_group_name": "walmart-dev-resource-group-load-balncer",
            "service_endpoint_policy_ids": null,
            "service_endpoints": null,
            "timeouts": null,
            "virtual_network_name": "walmart-dev-vnet-lb"
          },
          "sensitive_attributes": [],
          "private": "eyJlMmJmYjczMC1lY2FhLTExZTYtOGY4OC0zNDM2M2JjN2M0YzAiOnsiY3JlYXRlIjoxODAwMDAwMDAwMDAwLCJkZWxldGUiOjE4MDAwMDAwMDAwMDAsInJlYWQiOjMwMDAwMDAwMDAwMCwidXBkYXRlIjoxODAwMDAwMDAwMDAwfX0=",
          "dependencies": [
            "azurerm_resource_group.rg_name",
            "azurerm_virtual_network.vnet"
          ]
        }
      ]
    },
    {
      "mode": "managed",
      "type": "azurerm_subnet_network_security_group_association",
      "name": "websunetnsg",
      "provider": "provider[\"registry.terraform.io/hashicorp/azurerm\"]",
      "instances": [
        {
          "schema_version": 0,
          "attributes": {
            "id": "/subscriptions/de649893-9e5f-4ac4-8149-02d1037a5513/resourceGroups/walmart-dev-resource-group-load-balncer/providers/Microsoft.Network/virtualNetworks/walmart-dev-vnet-lb/subnets/web-subnet",
            "network_security_group_id": "/subscriptions/de649893-9e5f-4ac4-8149-02d1037a5513/resourceGroups/walmart-dev-resource-group-load-balncer/providers/Microsoft.Network/networkSecurityGroups/web-subnet-nsg",
            "subnet_id": "/subscriptions/de649893-9e5f-4ac4-8149-02d1037a5513/resourceGroups/walmart-dev-resource-group-load-balncer/providers/Microsoft.Network/virtualNetworks/walmart-dev-vnet-lb/subnets/web-subnet",
            "timeouts": null
          },
          "sensitive_attributes": [],
          "private": "eyJlMmJmYjczMC1lY2FhLTExZTYtOGY4OC0zNDM2M2JjN2M0YzAiOnsiY3JlYXRlIjoxODAwMDAwMDAwMDAwLCJkZWxldGUiOjE4MDAwMDAwMDAwMDAsInJlYWQiOjMwMDAwMDAwMDAwMCwidXBkYXRlIjoxODAwMDAwMDAwMDAwfX0=",
          "dependencies": [
            "azurerm_network_security_group.web_nsg",
            "azurerm_resource_group.rg_name",
            "azurerm_subnet.websubnet",
            "azurerm_virtual_network.vnet"
          ]
        }
      ]
    },
    {
      "mode": "managed",
      "type": "azurerm_virtual_network",
      "name": "vnet",
      "provider": "provider[\"registry.terraform.io/hashicorp/azurerm\"]",
      "instances": [
        {
          "schema_version": 0,
          "attributes": {
            "address_space": [
              "10.0.0.0/16"
            ],
            "bgp_community": "",
            "ddos_protection_plan": [],
            "dns_servers": [],
            "edge_zone": "",
            "encryption": [],
            "flow_timeout_in_minutes": 0,
            "guid": "5afefe49-5fc5-49ab-be01-02849352c670",
            "id": "/subscriptions/de649893-9e5f-4ac4-8149-02d1037a5513/resourceGroups/walmart-dev-resource-group-load-balncer/providers/Microsoft.Network/virtualNetworks/walmart-dev-vnet-lb",
            "location": "eastus",
            "name": "walmart-dev-vnet-lb",
            "resource_group_name": "walmart-dev-resource-group-load-balncer",
            "subnet": [],
            "tags": {
              "owner": "walmart",
              "team": "dev"
            },
            "timeouts": null
          },
          "sensitive_attributes": [],
          "private": "eyJlMmJmYjczMC1lY2FhLTExZTYtOGY4OC0zNDM2M2JjN2M0YzAiOnsiY3JlYXRlIjoxODAwMDAwMDAwMDAwLCJkZWxldGUiOjE4MDAwMDAwMDAwMDAsInJlYWQiOjMwMDAwMDAwMDAwMCwidXBkYXRlIjoxODAwMDAwMDAwMDAwfX0=",
          "dependencies": [
            "azurerm_resource_group.rg_name"
          ]
        }
      ]
    }
  ],
  "check_results": null
}
